
Microsoft Visual Studio Solution File, Format Version 12.00
# Visual Studio Version 17
VisualStudioVersion = 17.7.34024.191
MinimumVisualStudioVersion = 10.0.40219.1
Project("{FAE04EC0-301F-11D3-BF4B-00C04F79EFBC}") = "Northwind.Entities", "Northwind.Entities\Northwind.Entities.csproj", "{216D067E-A940-482E-AA39-3C0B3C845F05}"
EndProject
Project("{FAE04EC0-301F-11D3-BF4B-00C04F79EFBC}") = "Northwind.DataAccess", "Northwind.DataAccess\Northwind.DataAccess.csproj", "{4F7597D2-B2A2-4BED-AB9D-94CEEC2B41F9}"
EndProject
Project("{FAE04EC0-301F-11D3-BF4B-00C04F79EFBC}") = "Northwind.Business", "Northwind.Business\Northwind.Business.csproj", "{C897953F-54DA-4A2A-A607-675B2417CCBC}"
EndProject
Project("{FAE04EC0-301F-11D3-BF4B-00C04F79EFBC}") = "Northwind.WebFormUI", "Northwind.WebFormUI\Northwind.WebFormUI.csproj", "{5E72EB38-BFB8-41B7-8CBB-ED404FDD682F}"
EndProject
Global
	GlobalSection(SolutionConfigurationPlatforms) = preSolution
		Debug|Any CPU = Debug|Any CPU
		Release|Any CPU = Release|Any CPU
	EndGlobalSection
	GlobalSection(ProjectConfigurationPlatforms) = postSolution
		{216D067E-A940-482E-AA39-3C0B3C845F05}.Debug|Any CPU.ActiveCfg = Debug|Any CPU
		{216D067E-A940-482E-AA39-3C0B3C845F05}.Debug|Any CPU.Build.0 = Debug|Any CPU
		{216D067E-A940-482E-AA39-3C0B3C845F05}.Release|Any CPU.ActiveCfg = Release|Any CPU
		{216D067E-A940-482E-AA39-3C0B3C845F05}.Release|Any CPU.Build.0 = Release|Any CPU
		{4F7597D2-B2A2-4BED-AB9D-94CEEC2B41F9}.Debug|Any CPU.ActiveCfg = Debug|Any CPU
		{4F7597D2-B2A2-4BED-AB9D-94CEEC2B41F9}.Debug|Any CPU.Build.0 = Debug|Any CPU
		{4F7597D2-B2A2-4BED-AB9D-94CEEC2B41F9}.Release|Any CPU.ActiveCfg = Release|Any CPU
		{4F7597D2-B2A2-4BED-AB9D-94CEEC2B41F9}.Release|Any CPU.Build.0 = Release|Any CPU
		{C897953F-54DA-4A2A-A607-675B2417CCBC}.Debug|Any CPU.ActiveCfg = Debug|Any CPU
		{C897953F-54DA-4A2A-A607-675B2417CCBC}.Debug|Any CPU.Build.0 = Debug|Any CPU
		{C897953F-54DA-4A2A-A607-675B2417CCBC}.Release|Any CPU.ActiveCfg = Release|Any CPU
		{C897953F-54DA-4A2A-A607-675B2417CCBC}.Release|Any CPU.Build.0 = Release|Any CPU
		{5E72EB38-BFB8-41B7-8CBB-ED404FDD682F}.Debug|Any CPU.ActiveCfg = Debug|Any CPU
		{5E72EB38-BFB8-41B7-8CBB-ED404FDD682F}.Debug|Any CPU.Build.0 = Debug|Any CPU
		{5E72EB38-BFB8-41B7-8CBB-ED404FDD682F}.Release|Any CPU.ActiveCfg = Release|Any CPU
		{5E72EB38-BFB8-41B7-8CBB-ED404FDD682F}.Release|Any CPU.Build.0 = Release|Any CPU
	EndGlobalSection
	GlobalSection(SolutionProperties) = preSolution
		HideSolutionNode = FALSE
	EndGlobalSection
	GlobalSection(ExtensibilityGlobals) = postSolution
		SolutionGuid = {8BD02316-F93A-4532-9AFC-C0455D7A1D23}
	EndGlobalSection
EndGlobal
